# generated by rye
# use `rye lock` or `rye sync` to update this lockfile
#
# last locked with the following flags:
#   pre: false
#   features: []
#   all-features: false
#   with-sources: false
#   generate-hashes: false

-e file:.
appdirs==1.4.4
    # via git-changelog
bleach==6.1.0
    # via panel
bokeh==3.4.2
    # via holoviews
    # via hvplot
    # via panel
certifi==2024.7.4
    # via requests
charset-normalizer==3.3.2
    # via requests
colorcet==3.1.0
    # via holoviews
    # via hvplot
contourpy==1.2.1
    # via bokeh
cryo==0.3.2
    # via mev-commit-sdk-py
git-changelog==2.5.2
    # via mev-commit-sdk-py
holoviews==1.19.1
    # via hvplot
hvplot==0.10.0
    # via mev-commit-sdk-py
hypersync==0.7.8
    # via mev-commit-sdk-py
idna==3.7
    # via requests
jinja2==3.1.4
    # via bokeh
    # via git-changelog
linkify-it-py==2.0.3
    # via panel
markdown==3.6
    # via panel
markdown-it-py==3.0.0
    # via mdit-py-plugins
    # via panel
markupsafe==2.1.5
    # via jinja2
mdit-py-plugins==0.4.1
    # via panel
mdurl==0.1.2
    # via markdown-it-py
numpy==2.0.1
    # via bokeh
    # via contourpy
    # via holoviews
    # via hvplot
    # via pandas
    # via pyarrow
packaging==24.1
    # via bokeh
    # via git-changelog
    # via holoviews
    # via hvplot
pandas==2.2.2
    # via bokeh
    # via holoviews
    # via hvplot
    # via panel
panel==1.4.4
    # via holoviews
    # via hvplot
param==2.1.1
    # via holoviews
    # via hvplot
    # via panel
    # via pyviz-comms
pillow==10.4.0
    # via bokeh
polars==1.2.1
    # via mev-commit-sdk-py
pyarrow==17.0.0
    # via mev-commit-sdk-py
python-dateutil==2.9.0.post0
    # via pandas
python-dotenv==1.0.1
    # via mev-commit-sdk-py
pytz==2024.1
    # via pandas
pyviz-comms==3.0.2
    # via holoviews
    # via panel
pyyaml==6.0.1
    # via bokeh
requests==2.32.3
    # via panel
semver==3.0.2
    # via git-changelog
six==1.16.0
    # via bleach
    # via python-dateutil
strenum==0.4.15
    # via hypersync
tornado==6.4.1
    # via bokeh
tqdm==4.66.4
    # via panel
typing-extensions==4.12.2
    # via panel
tzdata==2024.1
    # via pandas
uc-micro-py==1.0.3
    # via linkify-it-py
urllib3==2.2.2
    # via requests
webencodings==0.5.1
    # via bleach
xyzservices==2024.6.0
    # via bokeh
    # via panel
